
Microsoft Visual Studio Solution File, Format Version 12.00
# Visual Studio Version 16
VisualStudioVersion = 16.0.30717.126
MinimumVisualStudioVersion = 10.0.40219.1
Project("{FAE04EC0-301F-11D3-BF4B-00C04F79EFBC}") = "MultiFile", "MultiFile\MultiFile.csproj", "{E5CB60EC-9442-4049-B0FD-9ADACD514F80}"
EndProject
Global
	GlobalSection(SolutionConfigurationPlatforms) = preSolution
		Debug|Any CPU = Debug|Any CPU
		Release|Any CPU = Release|Any CPU
	EndGlobalSection
	GlobalSection(ProjectConfigurationPlatforms) = postSolution
		{E5CB60EC-9442-4049-B0FD-9ADACD514F80}.Debug|Any CPU.ActiveCfg = Debug|Any CPU
		{E5CB60EC-9442-4049-B0FD-9ADACD514F80}.Debug|Any CPU.Build.0 = Debug|Any CPU
		{E5CB60EC-9442-4049-B0FD-9ADACD514F80}.Release|Any CPU.ActiveCfg = Release|Any CPU
		{E5CB60EC-9442-4049-B0FD-9ADACD514F80}.Release|Any CPU.Build.0 = Release|Any CPU
	EndGlobalSection
	GlobalSection(SolutionProperties) = preSolution
		HideSolutionNode = FALSE
	EndGlobalSection
	GlobalSection(ExtensibilityGlobals) = postSolution
		SolutionGuid = {D8E17B09-29B6-4911-9A8E-A96DAE24DC49}
	EndGlobalSection
EndGlobal
